// !$*UTF8*$!
{
	archiveVersion = 1;
	classes = {
	};
	objectVersion = 55;
	objects = {

/* Begin PBXBuildFile section */
		5A0E58D727BF579B00EFC59B /* AppDelegate.swift in Sources */ = {isa = PBXBuildFile; fileRef = 5A0E58D627BF579B00EFC59B /* AppDelegate.swift */; };
		5A0E58D927BF579B00EFC59B /* SceneDelegate.swift in Sources */ = {isa = PBXBuildFile; fileRef = 5A0E58D827BF579B00EFC59B /* SceneDelegate.swift */; };
		5A0E58DB27BF579B00EFC59B /* ViewController.swift in Sources */ = {isa = PBXBuildFile; fileRef = 5A0E58DA27BF579B00EFC59B /* ViewController.swift */; };
		5A0E58DE27BF579B00EFC59B /* Main.storyboard in Resources */ = {isa = PBXBuildFile; fileRef = 5A0E58DC27BF579B00EFC59B /* Main.storyboard */; };
		5A0E58E027BF579D00EFC59B /* Assets.xcassets in Resources */ = {isa = PBXBuildFile; fileRef = 5A0E58DF27BF579D00EFC59B /* Assets.xcassets */; };
		5A0E58E327BF579D00EFC59B /* LaunchScreen.storyboard in Resources */ = {isa = PBXBuildFile; fileRef = 5A0E58E127BF579D00EFC59B /* LaunchScreen.storyboard */; };
		5A0E58EE27BF579D00EFC59B /* _0222181327Tests.swift in Sources */ = {isa = PBXBuildFile; fileRef = 5A0E58ED27BF579D00EFC59B /* _0222181327Tests.swift */; };
		5A0E58F827BF579D00EFC59B /* _0222181327UITests.swift in Sources */ = {isa = PBXBuildFile; fileRef = 5A0E58F727BF579D00EFC59B /* _0222181327UITests.swift */; };
		5A0E58FA27BF579D00EFC59B /* _0222181327UITestsLaunchTests.swift in Sources */ = {isa = PBXBuildFile; fileRef = 5A0E58F927BF579D00EFC59B /* _0222181327UITestsLaunchTests.swift */; };
		5A0E590727BF6DC900EFC59B /* First.swift in Sources */ = {isa = PBXBuildFile; fileRef = 5A0E590627BF6DC900EFC59B /* First.swift */; };
		5A0E590927BF6DD700EFC59B /* Second.swift in Sources */ = {isa = PBXBuildFile; fileRef = 5A0E590827BF6DD700EFC59B /* Second.swift */; };
/* End PBXBuildFile section */

/* Begin PBXContainerItemProxy section */
		5A0E58EA27BF579D00EFC59B /* PBXContainerItemProxy */ = {
			isa = PBXContainerItemProxy;
			containerPortal = 5A0E58CB27BF579B00EFC59B /* Project object */;
			proxyType = 1;
			remoteGlobalIDString = 5A0E58D227BF579B00EFC59B;
			remoteInfo = 20222181327;
		};
		5A0E58F427BF579D00EFC59B /* PBXContainerItemProxy */ = {
			isa = PBXContainerItemProxy;
			containerPortal = 5A0E58CB27BF579B00EFC59B /* Project object */;
			proxyType = 1;
			remoteGlobalIDString = 5A0E58D227BF579B00EFC59B;
			remoteInfo = 20222181327;
		};
/* End PBXContainerItemProxy section */

/* Begin PBXFileReference section */
		5A0E58D327BF579B00EFC59B /* 20222181327.app */ = {isa = PBXFileReference; explicitFileType = wrapper.application; includeInIndex = 0; path = 20222181327.app; sourceTree = BUILT_PRODUCTS_DIR; };
		5A0E58D627BF579B00EFC59B /* AppDelegate.swift */ = {isa = PBXFileReference; lastKnownFileType = sourcecode.swift; path = AppDelegate.swift; sourceTree = "<group>"; };
		5A0E58D827BF579B00EFC59B /* SceneDelegate.swift */ = {isa = PBXFileReference; lastKnownFileType = sourcecode.swift; path = SceneDelegate.swift; sourceTree = "<group>"; };
		5A0E58DA27BF579B00EFC59B /* ViewController.swift */ = {isa = PBXFileReference; lastKnownFileType = sourcecode.swift; path = ViewController.swift; sourceTree = "<group>"; };
		5A0E58DD27BF579B00EFC59B /* Base */ = {isa = PBXFileReference; lastKnownFileType = file.storyboard; name = Base; path = Base.lproj/Main.storyboard; sourceTree = "<group>"; };
		5A0E58DF27BF579D00EFC59B /* Assets.xcassets */ = {isa = PBXFileReference; lastKnownFileType = folder.assetcatalog; path = Assets.xcassets; sourceTree = "<group>"; };
		5A0E58E227BF579D00EFC59B /* Base */ = {isa = PBXFileReference; lastKnownFileType = file.storyboard; name = Base; path = Base.lproj/LaunchScreen.storyboard; sourceTree = "<group>"; };
		5A0E58E427BF579D00EFC59B /* Info.plist */ = {isa = PBXFileReference; lastKnownFileType = text.plist.xml; path = Info.plist; sourceTree = "<group>"; };
		5A0E58E927BF579D00EFC59B /* 20222181327Tests.xctest */ = {isa = PBXFileReference; explicitFileType = wrapper.cfbundle; includeInIndex = 0; path = 20222181327Tests.xctest; sourceTree = BUILT_PRODUCTS_DIR; };
		5A0E58ED27BF579D00EFC59B /* _0222181327Tests.swift */ = {isa = PBXFileReference; lastKnownFileType = sourcecode.swift; path = _0222181327Tests.swift; sourceTree = "<group>"; };
		5A0E58F327BF579D00EFC59B /* 20222181327UITests.xctest */ = {isa = PBXFileReference; explicitFileType = wrapper.cfbundle; includeInIndex = 0; path = 20222181327UITests.xctest; sourceTree = BUILT_PRODUCTS_DIR; };
		5A0E58F727BF579D00EFC59B /* _0222181327UITests.swift */ = {isa = PBXFileReference; lastKnownFileType = sourcecode.swift; path = _0222181327UITests.swift; sourceTree = "<group>"; };
		5A0E58F927BF579D00EFC59B /* _0222181327UITestsLaunchTests.swift */ = {isa = PBXFileReference; lastKnownFileType = sourcecode.swift; path = _0222181327UITestsLaunchTests.swift; sourceTree = "<group>"; };
		5A0E590627BF6DC900EFC59B /* First.swift */ = {isa = PBXFileReference; lastKnownFileType = sourcecode.swift; path = First.swift; sourceTree = "<group>"; };
		5A0E590827BF6DD700EFC59B /* Second.swift */ = {isa = PBXFileReference; lastKnownFileType = sourcecode.swift; path = Second.swift; sourceTree = "<group>"; };
/* End PBXFileReference section */

/* Begin PBXFrameworksBuildPhase section */
		5A0E58D027BF579B00EFC59B /* Frameworks */ = {
			isa = PBXFrameworksBuildPhase;
			buildActionMask = 2147483647;
			files = (
			);
			runOnlyForDeploymentPostprocessing = 0;
		};
		5A0E58E627BF579D00EFC59B /* Frameworks */ = {
			isa = PBXFrameworksBuildPhase;
			buildActionMask = 2147483647;
			files = (
			);
			runOnlyForDeploymentPostprocessing = 0;
		};
		5A0E58F027BF579D00EFC59B /* Frameworks */ = {
			isa = PBXFrameworksBuildPhase;
			buildActionMask = 2147483647;
			files = (
			);
			runOnlyForDeploymentPostprocessing = 0;
		};
/* End PBXFrameworksBuildPhase section */

/* Begin PBXGroup section */
		5A0E58CA27BF579B00EFC59B = {
			isa = PBXGroup;
			children = (
				5A0E58D527BF579B00EFC59B /* 20222181327 */,
				5A0E58EC27BF579D00EFC59B /* 20222181327Tests */,
				5A0E58F627BF579D00EFC59B /* 20222181327UITests */,
				5A0E58D427BF579B00EFC59B /* Products */,
			);
			sourceTree = "<group>";
		};
		5A0E58D427BF579B00EFC59B /* Products */ = {
			isa = PBXGroup;
			children = (
				5A0E58D327BF579B00EFC59B /* 20222181327.app */,
				5A0E58E927BF579D00EFC59B /* 20222181327Tests.xctest */,
				5A0E58F327BF579D00EFC59B /* 20222181327UITests.xctest */,
			);
			name = Products;
			sourceTree = "<group>";
		};
		5A0E58D527BF579B00EFC59B /* 20222181327 */ = {
			isa = PBXGroup;
			children = (
				5A0E58D627BF579B00EFC59B /* AppDelegate.swift */,
				5A0E58D827BF579B00EFC59B /* SceneDelegate.swift */,
				5A0E58DA27BF579B00EFC59B /* ViewController.swift */,
				5A0E58DC27BF579B00EFC59B /* Main.storyboard */,
				5A0E58DF27BF579D00EFC59B /* Assets.xcassets */,
				5A0E58E127BF579D00EFC59B /* LaunchScreen.storyboard */,
				5A0E58E427BF579D00EFC59B /* Info.plist */,
				5A0E590627BF6DC900EFC59B /* First.swift */,
				5A0E590827BF6DD700EFC59B /* Second.swift */,
			);
			path = 20222181327;
			sourceTree = "<group>";
		};
		5A0E58EC27BF579D00EFC59B /* 20222181327Tests */ = {
			isa = PBXGroup;
			children = (
				5A0E58ED27BF579D00EFC59B /* _0222181327Tests.swift */,
			);
			path = 20222181327Tests;
			sourceTree = "<group>";
		};
		5A0E58F627BF579D00EFC59B /* 20222181327UITests */ = {
			isa = PBXGroup;
			children = (
				5A0E58F727BF579D00EFC59B /* _0222181327UITests.swift */,
				5A0E58F927BF579D00EFC59B /* _0222181327UITestsLaunchTests.swift */,
			);
			path = 20222181327UITests;
			sourceTree = "<group>";
		};
/* End PBXGroup section */

/* Begin PBXNativeTarget section */
		5A0E58D227BF579B00EFC59B /* 20222181327 */ = {
			isa = PBXNativeTarget;
			buildConfigurationList = 5A0E58FD27BF579D00EFC59B /* Build configuration list for PBXNativeTarget "20222181327" */;
			buildPhases = (
				5A0E58CF27BF579B00EFC59B /* Sources */,
				5A0E58D027BF579B00EFC59B /* Frameworks */,
				5A0E58D127BF579B00EFC59B /* Resources */,
			);
			buildRules = (
			);
			dependencies = (
			);
			name = 20222181327;
			productName = 20222181327;
			productReference = 5A0E58D327BF579B00EFC59B /* 20222181327.app */;
			productType = "com.apple.product-type.application";
		};
		5A0E58E827BF579D00EFC59B /* 20222181327Tests */ = {
			isa = PBXNativeTarget;
			buildConfigurationList = 5A0E590027BF579D00EFC59B /* Build configuration list for PBXNativeTarget "20222181327Tests" */;
			buildPhases = (
				5A0E58E527BF579D00EFC59B /* Sources */,
				5A0E58E627BF579D00EFC59B /* Frameworks */,
				5A0E58E727BF579D00EFC59B /* Resources */,
			);
			buildRules = (
			);
			dependencies = (
				5A0E58EB27BF579D00EFC59B /* PBXTargetDependency */,
			);
			name = 20222181327Tests;
			productName = 20222181327Tests;
			productReference = 5A0E58E927BF579D00EFC59B /* 20222181327Tests.xctest */;
			productType = "com.apple.product-type.bundle.unit-test";
		};
		5A0E58F227BF579D00EFC59B /* 20222181327UITests */ = {
			isa = PBXNativeTarget;
			buildConfigurationList = 5A0E590327BF579D00EFC59B /* Build configuration list for PBXNativeTarget "20222181327UITests" */;
			buildPhases = (
				5A0E58EF27BF579D00EFC59B /* Sources */,
				5A0E58F027BF579D00EFC59B /* Frameworks */,
				5A0E58F127BF579D00EFC59B /* Resources */,
			);
			buildRules = (
			);
			dependencies = (
				5A0E58F527BF579D00EFC59B /* PBXTargetDependency */,
			);
			name = 20222181327UITests;
			productName = 20222181327UITests;
			productReference = 5A0E58F327BF579D00EFC59B /* 20222181327UITests.xctest */;
			productType = "com.apple.product-type.bundle.ui-testing";
		};
/* End PBXNativeTarget section */

/* Begin PBXProject section */
		5A0E58CB27BF579B00EFC59B /* Project object */ = {
			isa = PBXProject;
			attributes = {
				BuildIndependentTargetsInParallel = 1;
				LastSwiftUpdateCheck = 1320;
				LastUpgradeCheck = 1320;
				TargetAttributes = {
					5A0E58D227BF579B00EFC59B = {
						CreatedOnToolsVersion = 13.2.1;
					};
					5A0E58E827BF579D00EFC59B = {
						CreatedOnToolsVersion = 13.2.1;
						TestTargetID = 5A0E58D227BF579B00EFC59B;
					};
					5A0E58F227BF579D00EFC59B = {
						CreatedOnToolsVersion = 13.2.1;
						TestTargetID = 5A0E58D227BF579B00EFC59B;
					};
				};
			};
			buildConfigurationList = 5A0E58CE27BF579B00EFC59B /* Build configuration list for PBXProject "20222181327" */;
			compatibilityVersion = "Xcode 13.0";
			developmentRegion = en;
			hasScannedForEncodings = 0;
			knownRegions = (
				en,
				Base,
			);
			mainGroup = 5A0E58CA27BF579B00EFC59B;
			productRefGroup = 5A0E58D427BF579B00EFC59B /* Products */;
			projectDirPath = "";
			projectRoot = "";
			targets = (
				5A0E58D227BF579B00EFC59B /* 20222181327 */,
				5A0E58E827BF579D00EFC59B /* 20222181327Tests */,
				5A0E58F227BF579D00EFC59B /* 20222181327UITests */,
			);
		};
/* End PBXProject section */

/* Begin PBXResourcesBuildPhase section */
		5A0E58D127BF579B00EFC59B /* Resources */ = {
			isa = PBXResourcesBuildPhase;
			buildActionMask = 2147483647;
			files = (
				5A0E58E327BF579D00EFC59B /* LaunchScreen.storyboard in Resources */,
				5A0E58E027BF579D00EFC59B /* Assets.xcassets in Resources */,
				5A0E58DE27BF579B00EFC59B /* Main.storyboard in Resources */,
			);
			runOnlyForDeploymentPostprocessing = 0;
		};
		5A0E58E727BF579D00EFC59B /* Resources */ = {
			isa = PBXResourcesBuildPhase;
			buildActionMask = 2147483647;
			files = (
			);
			runOnlyForDeploymentPostprocessing = 0;
		};
		5A0E58F127BF579D00EFC59B /* Resources */ = {
			isa = PBXResourcesBuildPhase;
			buildActionMask = 2147483647;
			files = (
			);
			runOnlyForDeploymentPostprocessing = 0;
		};
/* End PBXResourcesBuildPhase section */

/* Begin PBXSourcesBuildPhase section */
		5A0E58CF27BF579B00EFC59B /* Sources */ = {
			isa = PBXSourcesBuildPhase;
			buildActionMask = 2147483647;
			files = (
				5A0E58DB27BF579B00EFC59B /* ViewController.swift in Sources */,
				5A0E58D727BF579B00EFC59B /* AppDelegate.swift in Sources */,
				5A0E590927BF6DD700EFC59B /* Second.swift in Sources */,
				5A0E590727BF6DC900EFC59B /* First.swift in Sources */,
				5A0E58D927BF579B00EFC59B /* SceneDelegate.swift in Sources */,
			);
			runOnlyForDeploymentPostprocessing = 0;
		};
		5A0E58E527BF579D00EFC59B /* Sources */ = {
			isa = PBXSourcesBuildPhase;
			buildActionMask = 2147483647;
			files = (
				5A0E58EE27BF579D00EFC59B /* _0222181327Tests.swift in Sources */,
			);
			runOnlyForDeploymentPostprocessing = 0;
		};
		5A0E58EF27BF579D00EFC59B /* Sources */ = {
			isa = PBXSourcesBuildPhase;
			buildActionMask = 2147483647;
			files = (
				5A0E58FA27BF579D00EFC59B /* _0222181327UITestsLaunchTests.swift in Sources */,
				5A0E58F827BF579D00EFC59B /* _0222181327UITests.swift in Sources */,
			);
			runOnlyForDeploymentPostprocessing = 0;
		};
/* End PBXSourcesBuildPhase section */

/* Begin PBXTargetDependency section */
		5A0E58EB27BF579D00EFC59B /* PBXTargetDependency */ = {
			isa = PBXTargetDependency;
			target = 5A0E58D227BF579B00EFC59B /* 20222181327 */;
			targetProxy = 5A0E58EA27BF579D00EFC59B /* PBXContainerItemProxy */;
		};
		5A0E58F527BF579D00EFC59B /* PBXTargetDependency */ = {
			isa = PBXTargetDependency;
			target = 5A0E58D227BF579B00EFC59B /* 20222181327 */;
			targetProxy = 5A0E58F427BF579D00EFC59B /* PBXContainerItemProxy */;
		};
/* End PBXTargetDependency section */

/* Begin PBXVariantGroup section */
		5A0E58DC27BF579B00EFC59B /* Main.storyboard */ = {
			isa = PBXVariantGroup;
			children = (
				5A0E58DD27BF579B00EFC59B /* Base */,
			);
			name = Main.storyboard;
			sourceTree = "<group>";
		};
		5A0E58E127BF579D00EFC59B /* LaunchScreen.storyboard */ = {
			isa = PBXVariantGroup;
			children = (
				5A0E58E227BF579D00EFC59B /* Base */,
			);
			name = LaunchScreen.storyboard;
			sourceTree = "<group>";
		};
/* End PBXVariantGroup section */

/* Begin XCBuildConfiguration section */
		5A0E58FB27BF579D00EFC59B /* Debug */ = {
			isa = XCBuildConfiguration;
			buildSettings = {
				ALWAYS_SEARCH_USER_PATHS = NO;
				CLANG_ANALYZER_NONNULL = YES;
				CLANG_ANALYZER_NUMBER_OBJECT_CONVERSION = YES_AGGRESSIVE;
				CLANG_CXX_LANGUAGE_STANDARD = "gnu++17";
				CLANG_CXX_LIBRARY = "libc++";
				CLANG_ENABLE_MODULES = YES;
				CLANG_ENABLE_OBJC_ARC = YES;
				CLANG_ENABLE_OBJC_WEAK = YES;
				CLANG_WARN_BLOCK_CAPTURE_AUTORELEASING = YES;
				CLANG_WARN_BOOL_CONVERSION = YES;
				CLANG_WARN_COMMA = YES;
				CLANG_WARN_CONSTANT_CONVERSION = YES;
				CLANG_WARN_DEPRECATED_OBJC_IMPLEMENTATIONS = YES;
				CLANG_WARN_DIRECT_OBJC_ISA_USAGE = YES_ERROR;
				CLANG_WARN_DOCUMENTATION_COMMENTS = YES;
				CLANG_WARN_EMPTY_BODY = YES;
				CLANG_WARN_ENUM_CONVERSION = YES;
				CLANG_WARN_INFINITE_RECURSION = YES;
				CLANG_WARN_INT_CONVERSION = YES;
				CLANG_WARN_NON_LITERAL_NULL_CONVERSION = YES;
				CLANG_WARN_OBJC_IMPLICIT_RETAIN_SELF = YES;
				CLANG_WARN_OBJC_LITERAL_CONVERSION = YES;
				CLANG_WARN_OBJC_ROOT_CLASS = YES_ERROR;
				CLANG_WARN_QUOTED_INCLUDE_IN_FRAMEWORK_HEADER = YES;
				CLANG_WARN_RANGE_LOOP_ANALYSIS = YES;
				CLANG_WARN_STRICT_PROTOTYPES = YES;
				CLANG_WARN_SUSPICIOUS_MOVE = YES;
				CLANG_WARN_UNGUARDED_AVAILABILITY = YES_AGGRESSIVE;
				CLANG_WARN_UNREACHABLE_CODE = YES;
				CLANG_WARN__DUPLICATE_METHOD_MATCH = YES;
				COPY_PHASE_STRIP = NO;
				DEBUG_INFORMATION_FORMAT = dwarf;
				ENABLE_STRICT_OBJC_MSGSEND = YES;
				ENABLE_TESTABILITY = YES;
				GCC_C_LANGUAGE_STANDARD = gnu11;
				GCC_DYNAMIC_NO_PIC = NO;
				GCC_NO_COMMON_BLOCKS = YES;
				GCC_OPTIMIZATION_LEVEL = 0;
				GCC_PREPROCESSOR_DEFINITIONS = (
					"DEBUG=1",
					"$(inherited)",
				);
				GCC_WARN_64_TO_32_BIT_CONVERSION = YES;
				GCC_WARN_ABOUT_RETURN_TYPE = YES_ERROR;
				GCC_WARN_UNDECLARED_SELECTOR = YES;
				GCC_WARN_UNINITIALIZED_AUTOS = YES_AGGRESSIVE;
				GCC_WARN_UNUSED_FUNCTION = YES;
				GCC_WARN_UNUSED_VARIABLE = YES;
				IPHONEOS_DEPLOYMENT_TARGET = 15.2;
				MTL_ENABLE_DEBUG_INFO = INCLUDE_SOURCE;
				MTL_FAST_MATH = YES;
				ONLY_ACTIVE_ARCH = YES;
				SDKROOT = iphoneos;
				SWIFT_ACTIVE_COMPILATION_CONDITIONS = DEBUG;
				SWIFT_OPTIMIZATION_LEVEL = "-Onone";
			};
			name = Debug;
		};
		5A0E58FC27BF579D00EFC59B /* Release */ = {
			isa = XCBuildConfiguration;
			buildSettings = {
				ALWAYS_SEARCH_USER_PATHS = NO;
				CLANG_ANALYZER_NONNULL = YES;
				CLANG_ANALYZER_NUMBER_OBJECT_CONVERSION = YES_AGGRESSIVE;
				CLANG_CXX_LANGUAGE_STANDARD = "gnu++17";
				CLANG_CXX_LIBRARY = "libc++";
				CLANG_ENABLE_MODULES = YES;
				CLANG_ENABLE_OBJC_ARC = YES;
				CLANG_ENABLE_OBJC_WEAK = YES;
				CLANG_WARN_BLOCK_CAPTURE_AUTORELEASING = YES;
				CLANG_WARN_BOOL_CONVERSION = YES;
				CLANG_WARN_COMMA = YES;
				CLANG_WARN_CONSTANT_CONVERSION = YES;
				CLANG_WARN_DEPRECATED_OBJC_IMPLEMENTATIONS = YES;
				CLANG_WARN_DIRECT_OBJC_ISA_USAGE = YES_ERROR;
				CLANG_WARN_DOCUMENTATION_COMMENTS = YES;
				CLANG_WARN_EMPTY_BODY = YES;
				CLANG_WARN_ENUM_CONVERSION = YES;
				CLANG_WARN_INFINITE_RECURSION = YES;
				CLANG_WARN_INT_CONVERSION = YES;
				CLANG_WARN_NON_LITERAL_NULL_CONVERSION = YES;
				CLANG_WARN_OBJC_IMPLICIT_RETAIN_SELF = YES;
				CLANG_WARN_OBJC_LITERAL_CONVERSION = YES;
				CLANG_WARN_OBJC_ROOT_CLASS = YES_ERROR;
				CLANG_WARN_QUOTED_INCLUDE_IN_FRAMEWORK_HEADER = YES;
				CLANG_WARN_RANGE_LOOP_ANALYSIS = YES;
				CLANG_WARN_STRICT_PROTOTYPES = YES;
				CLANG_WARN_SUSPICIOUS_MOVE = YES;
				CLANG_WARN_UNGUARDED_AVAILABILITY = YES_AGGRESSIVE;
				CLANG_WARN_UNREACHABLE_CODE = YES;
				CLANG_WARN__DUPLICATE_METHOD_MATCH = YES;
				COPY_PHASE_STRIP = NO;
				DEBUG_INFORMATION_FORMAT = "dwarf-with-dsym";
				ENABLE_NS_ASSERTIONS = NO;
				ENABLE_STRICT_OBJC_MSGSEND = YES;
				GCC_C_LANGUAGE_STANDARD = gnu11;
				GCC_NO_COMMON_BLOCKS = YES;
				GCC_WARN_64_TO_32_BIT_CONVERSION = YES;
				GCC_WARN_ABOUT_RETURN_TYPE = YES_ERROR;
				GCC_WARN_UNDECLARED_SELECTOR = YES;
				GCC_WARN_UNINITIALIZED_AUTOS = YES_AGGRESSIVE;
				GCC_WARN_UNUSED_FUNCTION = YES;
				GCC_WARN_UNUSED_VARIABLE = YES;
				IPHONEOS_DEPLOYMENT_TARGET = 15.2;
				MTL_ENABLE_DEBUG_INFO = NO;
				MTL_FAST_MATH = YES;
				SDKROOT = iphoneos;
				SWIFT_COMPILATION_MODE = wholemodule;
				SWIFT_OPTIMIZATION_LEVEL = "-O";
				VALIDATE_PRODUCT = YES;
			};
			name = Release;
		};
		5A0E58FE27BF579D00EFC59B /* Debug */ = {
			isa = XCBuildConfiguration;
			buildSettings = {
				ASSETCATALOG_COMPILER_APPICON_NAME = AppIcon;
				ASSETCATALOG_COMPILER_GLOBAL_ACCENT_COLOR_NAME = AccentColor;
				CODE_SIGN_STYLE = Automatic;
				CURRENT_PROJECT_VERSION = 1;
				DEVELOPMENT_TEAM = 8SV798S53Y;
				GENERATE_INFOPLIST_FILE = YES;
				INFOPLIST_FILE = 20222181327/Info.plist;
				INFOPLIST_KEY_UIApplicationSupportsIndirectInputEvents = YES;
				INFOPLIST_KEY_UILaunchStoryboardName = LaunchScreen;
				INFOPLIST_KEY_UIMainStoryboardFile = Main;
				INFOPLIST_KEY_UISupportedInterfaceOrientations_iPad = "UIInterfaceOrientationPortrait UIInterfaceOrientationPortraitUpsideDown UIInterfaceOrientationLandscapeLeft UIInterfaceOrientationLandscapeRight";
				INFOPLIST_KEY_UISupportedInterfaceOrientations_iPhone = "UIInterfaceOrientationPortrait UIInterfaceOrientationLandscapeLeft UIInterfaceOrientationLandscapeRight";
				LD_RUNPATH_SEARCH_PATHS = (
					"$(inherited)",
					"@executable_path/Frameworks",
				);
				MARKETING_VERSION = 1.0;
				PRODUCT_BUNDLE_IDENTIFIER = "Jinapps.-0222181327";
				PRODUCT_NAME = "$(TARGET_NAME)";
				SWIFT_EMIT_LOC_STRINGS = YES;
				SWIFT_VERSION = 5.0;
				TARGETED_DEVICE_FAMILY = "1,2";
			};
			name = Debug;
		};
		5A0E58FF27BF579D00EFC59B /* Release */ = {
			isa = XCBuildConfiguration;
			buildSettings = {
				ASSETCATALOG_COMPILER_APPICON_NAME = AppIcon;
				ASSETCATALOG_COMPILER_GLOBAL_ACCENT_COLOR_NAME = AccentColor;
				CODE_SIGN_STYLE = Automatic;
				CURRENT_PROJECT_VERSION = 1;
				DEVELOPMENT_TEAM = 8SV798S53Y;
				GENERATE_INFOPLIST_FILE = YES;
				INFOPLIST_FILE = 20222181327/Info.plist;
				INFOPLIST_KEY_UIApplicationSupportsIndirectInputEvents = YES;
				INFOPLIST_KEY_UILaunchStoryboardName = LaunchScreen;
				INFOPLIST_KEY_UIMainStoryboardFile = Main;
				INFOPLIST_KEY_UISupportedInterfaceOrientations_iPad = "UIInterfaceOrientationPortrait UIInterfaceOrientationPortraitUpsideDown UIInterfaceOrientationLandscapeLeft UIInterfaceOrientationLandscapeRight";
				INFOPLIST_KEY_UISupportedInterfaceOrientations_iPhone = "UIInterfaceOrientationPortrait UIInterfaceOrientationLandscapeLeft UIInterfaceOrientationLandscapeRight";
				LD_RUNPATH_SEARCH_PATHS = (
					"$(inherited)",
					"@executable_path/Frameworks",
				);
				MARKETING_VERSION = 1.0;
				PRODUCT_BUNDLE_IDENTIFIER = "Jinapps.-0222181327";
				PRODUCT_NAME = "$(TARGET_NAME)";
				SWIFT_EMIT_LOC_STRINGS = YES;
				SWIFT_VERSION = 5.0;
				TARGETED_DEVICE_FAMILY = "1,2";
			};
			name = Release;
		};
		5A0E590127BF579D00EFC59B /* Debug */ = {
			isa = XCBuildConfiguration;
			buildSettings = {
				ALWAYS_EMBED_SWIFT_STANDARD_LIBRARIES = YES;
				BUNDLE_LOADER = "$(TEST_HOST)";
				CODE_SIGN_STYLE = Automatic;
				CURRENT_PROJECT_VERSION = 1;
				DEVELOPMENT_TEAM = 8SV798S53Y;
				GENERATE_INFOPLIST_FILE = YES;
				IPHONEOS_DEPLOYMENT_TARGET = 15.2;
				MARKETING_VERSION = 1.0;
				PRODUCT_BUNDLE_IDENTIFIER = "Jinapps.-0222181327Tests";
				PRODUCT_NAME = "$(TARGET_NAME)";
				SWIFT_EMIT_LOC_STRINGS = NO;
				SWIFT_VERSION = 5.0;
				TARGETED_DEVICE_FAMILY = "1,2";
				TEST_HOST = "$(BUILT_PRODUCTS_DIR)/20222181327.app/20222181327";
			};
			name = Debug;
		};
		5A0E590227BF579D00EFC59B /* Release */ = {
			isa = XCBuildConfiguration;
			buildSettings = {
				ALWAYS_EMBED_SWIFT_STANDARD_LIBRARIES = YES;
				BUNDLE_LOADER = "$(TEST_HOST)";
				CODE_SIGN_STYLE = Automatic;
				CURRENT_PROJECT_VERSION = 1;
				DEVELOPMENT_TEAM = 8SV798S53Y;
				GENERATE_INFOPLIST_FILE = YES;
				IPHONEOS_DEPLOYMENT_TARGET = 15.2;
				MARKETING_VERSION = 1.0;
				PRODUCT_BUNDLE_IDENTIFIER = "Jinapps.-0222181327Tests";
				PRODUCT_NAME = "$(TARGET_NAME)";
				SWIFT_EMIT_LOC_STRINGS = NO;
				SWIFT_VERSION = 5.0;
				TARGETED_DEVICE_FAMILY = "1,2";
				TEST_HOST = "$(BUILT_PRODUCTS_DIR)/20222181327.app/20222181327";
			};
			name = Release;
		};
		5A0E590427BF579D00EFC59B /* Debug */ = {
			isa = XCBuildConfiguration;
			buildSettings = {
				ALWAYS_EMBED_SWIFT_STANDARD_LIBRARIES = YES;
				CODE_SIGN_STYLE = Automatic;
				CURRENT_PROJECT_VERSION = 1;
				DEVELOPMENT_TEAM = 8SV798S53Y;
				GENERATE_INFOPLIST_FILE = YES;
				MARKETING_VERSION = 1.0;
				PRODUCT_BUNDLE_IDENTIFIER = "Jinapps.-0222181327UITests";
				PRODUCT_NAME = "$(TARGET_NAME)";
				SWIFT_EMIT_LOC_STRINGS = NO;
				SWIFT_VERSION = 5.0;
				TARGETED_DEVICE_FAMILY = "1,2";
				TEST_TARGET_NAME = 20222181327;
			};
			name = Debug;
		};
		5A0E590527BF579D00EFC59B /* Release */ = {
			isa = XCBuildConfiguration;
			buildSettings = {
				ALWAYS_EMBED_SWIFT_STANDARD_LIBRARIES = YES;
				CODE_SIGN_STYLE = Automatic;
				CURRENT_PROJECT_VERSION = 1;
				DEVELOPMENT_TEAM = 8SV798S53Y;
				GENERATE_INFOPLIST_FILE = YES;
				MARKETING_VERSION = 1.0;
				PRODUCT_BUNDLE_IDENTIFIER = "Jinapps.-0222181327UITests";
				PRODUCT_NAME = "$(TARGET_NAME)";
				SWIFT_EMIT_LOC_STRINGS = NO;
				SWIFT_VERSION = 5.0;
				TARGETED_DEVICE_FAMILY = "1,2";
				TEST_TARGET_NAME = 20222181327;
			};
			name = Release;
		};
/* End XCBuildConfiguration section */

/* Begin XCConfigurationList section */
		5A0E58CE27BF579B00EFC59B /* Build configuration list for PBXProject "20222181327" */ = {
			isa = XCConfigurationList;
			buildConfigurations = (
				5A0E58FB27BF579D00EFC59B /* Debug */,
				5A0E58FC27BF579D00EFC59B /* Release */,
			);
			defaultConfigurationIsVisible = 0;
			defaultConfigurationName = Release;
		};
		5A0E58FD27BF579D00EFC59B /* Build configuration list for PBXNativeTarget "20222181327" */ = {
			isa = XCConfigurationList;
			buildConfigurations = (
				5A0E58FE27BF579D00EFC59B /* Debug */,
				5A0E58FF27BF579D00EFC59B /* Release */,
			);
			defaultConfigurationIsVisible = 0;
			defaultConfigurationName = Release;
		};
		5A0E590027BF579D00EFC59B /* Build configuration list for PBXNativeTarget "20222181327Tests" */ = {
			isa = XCConfigurationList;
			buildConfigurations = (
				5A0E590127BF579D00EFC59B /* Debug */,
				5A0E590227BF579D00EFC59B /* Release */,
			);
			defaultConfigurationIsVisible = 0;
			defaultConfigurationName = Release;
		};
		5A0E590327BF579D00EFC59B /* Build configuration list for PBXNativeTarget "20222181327UITests" */ = {
			isa = XCConfigurationList;
			buildConfigurations = (
				5A0E590427BF579D00EFC59B /* Debug */,
				5A0E590527BF579D00EFC59B /* Release */,
			);
			defaultConfigurationIsVisible = 0;
			defaultConfigurationName = Release;
		};
/* End XCConfigurationList section */
	};
	rootObject = 5A0E58CB27BF579B00EFC59B /* Project object */;
}
